#MicroXplorer Configuration settings - do not modify
ADC1.Channel-0\#ChannelRegularConversion=ADC_CHANNEL_VREFINT
ADC1.Channel-1\#ChannelRegularConversion=ADC_CHANNEL_VBAT
ADC1.Channel-2\#ChannelRegularConversion=ADC_CHANNEL_9
ADC1.Channel-3\#ChannelRegularConversion=ADC_CHANNEL_6
ADC1.Channel-5\#ChannelRegularConversion=ADC_CHANNEL_TEMPSENSOR
ADC1.EOCSelection=ADC_EOC_SEQ_CONV
ADC1.IPParameters=Rank-0\#ChannelRegularConversion,Channel-0\#ChannelRegularConversion,SamplingTime-0\#ChannelRegularConversion,OffsetNumber-0\#ChannelRegularConversion,NbrOfConversionFlag,Rank-1\#ChannelRegularConversion,Channel-1\#ChannelRegularConversion,SamplingTime-1\#ChannelRegularConversion,OffsetNumber-1\#ChannelRegularConversion,NbrOfConversion,EOCSelection,OversamplingMode,Rank-2\#ChannelRegularConversion,Channel-2\#ChannelRegularConversion,SamplingTime-2\#ChannelRegularConversion,OffsetNumber-2\#ChannelRegularConversion,Rank-3\#ChannelRegularConversion,Channel-3\#ChannelRegularConversion,SamplingTime-3\#ChannelRegularConversion,OffsetNumber-3\#ChannelRegularConversion,Ratio,master,Rank-5\#ChannelRegularConversion,Channel-5\#ChannelRegularConversion,SamplingTime-5\#ChannelRegularConversion,OffsetNumber-5\#ChannelRegularConversion
ADC1.NbrOfConversion=5
ADC1.NbrOfConversionFlag=1
ADC1.OffsetNumber-0\#ChannelRegularConversion=ADC_OFFSET_NONE
ADC1.OffsetNumber-1\#ChannelRegularConversion=ADC_OFFSET_NONE
ADC1.OffsetNumber-2\#ChannelRegularConversion=ADC_OFFSET_NONE
ADC1.OffsetNumber-3\#ChannelRegularConversion=ADC_OFFSET_NONE
ADC1.OffsetNumber-5\#ChannelRegularConversion=ADC_OFFSET_NONE
ADC1.OversamplingMode=ENABLE
ADC1.Rank-0\#ChannelRegularConversion=1
ADC1.Rank-1\#ChannelRegularConversion=2
ADC1.Rank-2\#ChannelRegularConversion=3
ADC1.Rank-3\#ChannelRegularConversion=4
ADC1.Rank-5\#ChannelRegularConversion=5
ADC1.Ratio=ADC_OVERSAMPLING_RATIO_16
ADC1.SamplingTime-0\#ChannelRegularConversion=ADC_SAMPLETIME_12CYCLES_5
ADC1.SamplingTime-1\#ChannelRegularConversion=ADC_SAMPLETIME_12CYCLES_5
ADC1.SamplingTime-2\#ChannelRegularConversion=ADC_SAMPLETIME_12CYCLES_5
ADC1.SamplingTime-3\#ChannelRegularConversion=ADC_SAMPLETIME_12CYCLES_5
ADC1.SamplingTime-5\#ChannelRegularConversion=ADC_SAMPLETIME_47CYCLES_5
ADC1.master=1
CRC.IPParameters=InputDataFormat
CRC.InputDataFormat=CRC_INPUTDATA_FORMAT_WORDS
Dma.ADC1.6.Direction=DMA_PERIPH_TO_MEMORY
Dma.ADC1.6.Instance=DMA1_Channel1
Dma.ADC1.6.MemDataAlignment=DMA_MDATAALIGN_HALFWORD
Dma.ADC1.6.MemInc=DMA_MINC_ENABLE
Dma.ADC1.6.Mode=DMA_NORMAL
Dma.ADC1.6.PeriphDataAlignment=DMA_PDATAALIGN_HALFWORD
Dma.ADC1.6.PeriphInc=DMA_PINC_DISABLE
Dma.ADC1.6.Priority=DMA_PRIORITY_LOW
Dma.ADC1.6.RequestParameters=Instance,Direction,PeriphInc,MemInc,PeriphDataAlignment,MemDataAlignment,Mode,Priority
Dma.I2C1_RX.1.Direction=DMA_PERIPH_TO_MEMORY
Dma.I2C1_RX.1.Instance=DMA1_Channel7
Dma.I2C1_RX.1.MemDataAlignment=DMA_MDATAALIGN_BYTE
Dma.I2C1_RX.1.MemInc=DMA_MINC_ENABLE
Dma.I2C1_RX.1.Mode=DMA_NORMAL
Dma.I2C1_RX.1.PeriphDataAlignment=DMA_PDATAALIGN_BYTE
Dma.I2C1_RX.1.PeriphInc=DMA_PINC_DISABLE
Dma.I2C1_RX.1.Priority=DMA_PRIORITY_LOW
Dma.I2C1_RX.1.RequestParameters=Instance,Direction,PeriphInc,MemInc,PeriphDataAlignment,MemDataAlignment,Mode,Priority
Dma.I2C1_TX.0.Direction=DMA_MEMORY_TO_PERIPH
Dma.I2C1_TX.0.Instance=DMA1_Channel6
Dma.I2C1_TX.0.MemDataAlignment=DMA_MDATAALIGN_BYTE
Dma.I2C1_TX.0.MemInc=DMA_MINC_ENABLE
Dma.I2C1_TX.0.Mode=DMA_NORMAL
Dma.I2C1_TX.0.PeriphDataAlignment=DMA_PDATAALIGN_BYTE
Dma.I2C1_TX.0.PeriphInc=DMA_PINC_DISABLE
Dma.I2C1_TX.0.Priority=DMA_PRIORITY_LOW
Dma.I2C1_TX.0.RequestParameters=Instance,Direction,PeriphInc,MemInc,PeriphDataAlignment,MemDataAlignment,Mode,Priority
Dma.I2C2_RX.8.Direction=DMA_PERIPH_TO_MEMORY
Dma.I2C2_RX.8.Instance=DMA1_Channel5
Dma.I2C2_RX.8.MemDataAlignment=DMA_MDATAALIGN_BYTE
Dma.I2C2_RX.8.MemInc=DMA_MINC_ENABLE
Dma.I2C2_RX.8.Mode=DMA_NORMAL
Dma.I2C2_RX.8.PeriphDataAlignment=DMA_PDATAALIGN_BYTE
Dma.I2C2_RX.8.PeriphInc=DMA_PINC_DISABLE
Dma.I2C2_RX.8.Priority=DMA_PRIORITY_LOW
Dma.I2C2_RX.8.RequestParameters=Instance,Direction,PeriphInc,MemInc,PeriphDataAlignment,MemDataAlignment,Mode,Priority
Dma.I2C2_TX.7.Direction=DMA_MEMORY_TO_PERIPH
Dma.I2C2_TX.7.Instance=DMA1_Channel4
Dma.I2C2_TX.7.MemDataAlignment=DMA_MDATAALIGN_BYTE
Dma.I2C2_TX.7.MemInc=DMA_MINC_ENABLE
Dma.I2C2_TX.7.Mode=DMA_NORMAL
Dma.I2C2_TX.7.PeriphDataAlignment=DMA_PDATAALIGN_BYTE
Dma.I2C2_TX.7.PeriphInc=DMA_PINC_DISABLE
Dma.I2C2_TX.7.Priority=DMA_PRIORITY_LOW
Dma.I2C2_TX.7.RequestParameters=Instance,Direction,PeriphInc,MemInc,PeriphDataAlignment,MemDataAlignment,Mode,Priority
Dma.LPUART_RX.5.Direction=DMA_PERIPH_TO_MEMORY
Dma.LPUART_RX.5.Instance=DMA2_Channel7
Dma.LPUART_RX.5.MemDataAlignment=DMA_MDATAALIGN_BYTE
Dma.LPUART_RX.5.MemInc=DMA_MINC_ENABLE
Dma.LPUART_RX.5.Mode=DMA_NORMAL
Dma.LPUART_RX.5.PeriphDataAlignment=DMA_PDATAALIGN_BYTE
Dma.LPUART_RX.5.PeriphInc=DMA_PINC_DISABLE
Dma.LPUART_RX.5.Priority=DMA_PRIORITY_LOW
Dma.LPUART_RX.5.RequestParameters=Instance,Direction,PeriphInc,MemInc,PeriphDataAlignment,MemDataAlignment,Mode,Priority
Dma.LPUART_TX.4.Direction=DMA_MEMORY_TO_PERIPH
Dma.LPUART_TX.4.Instance=DMA2_Channel6
Dma.LPUART_TX.4.MemDataAlignment=DMA_MDATAALIGN_BYTE
Dma.LPUART_TX.4.MemInc=DMA_MINC_ENABLE
Dma.LPUART_TX.4.Mode=DMA_NORMAL
Dma.LPUART_TX.4.PeriphDataAlignment=DMA_PDATAALIGN_BYTE
Dma.LPUART_TX.4.PeriphInc=DMA_PINC_DISABLE
Dma.LPUART_TX.4.Priority=DMA_PRIORITY_LOW
Dma.LPUART_TX.4.RequestParameters=Instance,Direction,PeriphInc,MemInc,PeriphDataAlignment,MemDataAlignment,Mode,Priority
Dma.Request0=I2C1_TX
Dma.Request1=I2C1_RX
Dma.Request2=SPI3_TX
Dma.Request3=SPI3_RX
Dma.Request4=LPUART_TX
Dma.Request5=LPUART_RX
Dma.Request6=ADC1
Dma.Request7=I2C2_TX
Dma.Request8=I2C2_RX
Dma.RequestsNb=9
Dma.SPI3_RX.3.Direction=DMA_PERIPH_TO_MEMORY
Dma.SPI3_RX.3.Instance=DMA2_Channel1
Dma.SPI3_RX.3.MemDataAlignment=DMA_MDATAALIGN_BYTE
Dma.SPI3_RX.3.MemInc=DMA_MINC_ENABLE
Dma.SPI3_RX.3.Mode=DMA_NORMAL
Dma.SPI3_RX.3.PeriphDataAlignment=DMA_PDATAALIGN_BYTE
Dma.SPI3_RX.3.PeriphInc=DMA_PINC_DISABLE
Dma.SPI3_RX.3.Priority=DMA_PRIORITY_LOW
Dma.SPI3_RX.3.RequestParameters=Instance,Direction,PeriphInc,MemInc,PeriphDataAlignment,MemDataAlignment,Mode,Priority
Dma.SPI3_TX.2.Direction=DMA_MEMORY_TO_PERIPH
Dma.SPI3_TX.2.Instance=DMA2_Channel2
Dma.SPI3_TX.2.MemDataAlignment=DMA_MDATAALIGN_BYTE
Dma.SPI3_TX.2.MemInc=DMA_MINC_ENABLE
Dma.SPI3_TX.2.Mode=DMA_NORMAL
Dma.SPI3_TX.2.PeriphDataAlignment=DMA_PDATAALIGN_BYTE
Dma.SPI3_TX.2.PeriphInc=DMA_PINC_DISABLE
Dma.SPI3_TX.2.Priority=DMA_PRIORITY_LOW
Dma.SPI3_TX.2.RequestParameters=Instance,Direction,PeriphInc,MemInc,PeriphDataAlignment,MemDataAlignment,Mode,Priority
FREERTOS.BinarySemaphores01=usart1Tx_BSem,Dynamic,NULL;usart1Rx_BSem,Dynamic,NULL;i2c1_BSem,Dynamic,NULL;i2c2_BSem,Dynamic,NULL;spi3_BSem,Dynamic,NULL
FREERTOS.FootprintOK=true
FREERTOS.INCLUDE_eTaskGetState=1
FREERTOS.INCLUDE_pcTaskGetTaskName=1
FREERTOS.INCLUDE_uxTaskGetStackHighWaterMark=1
FREERTOS.INCLUDE_vTaskCleanUpResources=1
FREERTOS.INCLUDE_vTaskDelayUntil=1
FREERTOS.INCLUDE_vTaskDelete=1
FREERTOS.INCLUDE_xEventGroupSetBitFromISR=1
FREERTOS.INCLUDE_xQueueGetMutexHolder=1
FREERTOS.INCLUDE_xSemaphoreGetMutexHolder=1
FREERTOS.INCLUDE_xTaskAbortDelay=1
FREERTOS.INCLUDE_xTaskGetCurrentTaskHandle=1
FREERTOS.INCLUDE_xTaskGetHandle=1
FREERTOS.INCLUDE_xTaskGetSchedulerState=1
FREERTOS.INCLUDE_xTimerPendFunctionCall=1
FREERTOS.IPParameters=Tasks01,configMAX_TASK_NAME_LEN,configUSE_COUNTING_SEMAPHORES,configQUEUE_REGISTRY_SIZE,configUSE_APPLICATION_TASK_TAG,configENABLE_BACKWARD_COMPATIBILITY,configTOTAL_HEAP_SIZE,configUSE_IDLE_HOOK,configUSE_MALLOC_FAILED_HOOK,configCHECK_FOR_STACK_OVERFLOW,configGENERATE_RUN_TIME_STATS,configUSE_TRACE_FACILITY,configUSE_STATS_FORMATTING_FUNCTIONS,configUSE_TIMERS,configUSE_RECURSIVE_MUTEXES,INCLUDE_vTaskCleanUpResources,INCLUDE_vTaskDelayUntil,INCLUDE_xQueueGetMutexHolder,INCLUDE_xSemaphoreGetMutexHolder,INCLUDE_pcTaskGetTaskName,INCLUDE_uxTaskGetStackHighWaterMark,INCLUDE_xTaskGetCurrentTaskHandle,INCLUDE_eTaskGetState,INCLUDE_xTaskGetHandle,INCLUDE_xTaskAbortDelay,INCLUDE_xTimerPendFunctionCall,configMINIMAL_STACK_SIZE,configTIMER_QUEUE_LENGTH,INCLUDE_vTaskDelete,INCLUDE_xTaskGetSchedulerState,INCLUDE_xEventGroupSetBitFromISR,configUSE_TICKLESS_IDLE,FootprintOK,configRECORD_STACK_HIGH_ADDRESS,BinarySemaphores01,Queues01,Mutexes01
FREERTOS.Mutexes01=trackMeApplUpDataMutex,Dynamic,NULL;trackMeApplDnDataMutex,Dynamic,NULL;iot4BeesApplUpDataMutex,Dynamic,NULL;iot4BeesApplDnDataMutex,Dynamic,NULL
FREERTOS.Queues01=usart1TxQueue,256,uint8_t,0,Dynamic,NULL,NULL;usart1RxQueue,32,uint8_t,0,Dynamic,NULL,NULL;loraInQueue,32,uint8_t,0,Dynamic,NULL,NULL;loraOutQueue,32,uint8_t,0,Dynamic,NULL,NULL;loraMacQueue,8,uint8_t,0,Dynamic,NULL,NULL;soundInQueue,8,uint32_t,0,Dynamic,NULL,NULL
FREERTOS.Tasks01=defaultTask,-1,512,StartDefaultTask,Default,NULL,Dynamic,NULL,NULL;usart1TxTask,0,256,StartUsart1TxTask,Default,NULL,Dynamic,NULL,NULL;usart1RxTask,1,256,StartUsart1RxTask,Default,NULL,Dynamic,NULL,NULL;lorawanTask,0,512,StartLorawanTask,Default,NULL,Dynamic,NULL,NULL;espTask,0,512,StartEspTask,Default,NULL,Dynamic,NULL,NULL;adcTask,0,512,StartAdcTask,Default,NULL,Dynamic,NULL,NULL;soundTask,-2,256,StartSoundTask,Default,NULL,Dynamic,NULL,NULL
FREERTOS.configCHECK_FOR_STACK_OVERFLOW=1
FREERTOS.configENABLE_BACKWARD_COMPATIBILITY=0
FREERTOS.configGENERATE_RUN_TIME_STATS=1
FREERTOS.configMAX_TASK_NAME_LEN=32
FREERTOS.configMINIMAL_STACK_SIZE=256
FREERTOS.configQUEUE_REGISTRY_SIZE=32
FREERTOS.configRECORD_STACK_HIGH_ADDRESS=1
FREERTOS.configTIMER_QUEUE_LENGTH=4
FREERTOS.configTOTAL_HEAP_SIZE=32768
FREERTOS.configUSE_APPLICATION_TASK_TAG=1
FREERTOS.configUSE_COUNTING_SEMAPHORES=1
FREERTOS.configUSE_IDLE_HOOK=1
FREERTOS.configUSE_MALLOC_FAILED_HOOK=1
FREERTOS.configUSE_RECURSIVE_MUTEXES=0
FREERTOS.configUSE_STATS_FORMATTING_FUNCTIONS=1
FREERTOS.configUSE_TICKLESS_IDLE=0
FREERTOS.configUSE_TIMERS=1
FREERTOS.configUSE_TRACE_FACILITY=1
File.Version=6
I2C1.I2C_Coeff_DF=2
I2C1.I2C_Fall_Time=120
I2C1.I2C_Rise_Time=150
I2C1.I2C_Speed_Mode=I2C_Fast
I2C1.IPParameters=Timing,I2C_Speed_Mode,I2C_Rise_Time,I2C_Fall_Time,I2C_Coeff_DF
I2C1.Timing=0x00300414
I2C2.I2C_Coeff_DF=2
I2C2.I2C_Fall_Time=120
I2C2.I2C_Rise_Time=150
I2C2.I2C_Speed_Mode=I2C_Fast
I2C2.IPParameters=Timing,I2C_Speed_Mode,I2C_Rise_Time,I2C_Fall_Time,I2C_Coeff_DF
I2C2.Timing=0x00300414
KeepUserPlacement=true
LPUART1.BaudRate=9600
LPUART1.IPParameters=BaudRate,WordLength
LPUART1.WordLength=UART_WORDLENGTH_8B
Mcu.Family=STM32L4
Mcu.IP0=ADC1
Mcu.IP1=CRC
Mcu.IP10=RTC
Mcu.IP11=SPI3
Mcu.IP12=SYS
Mcu.IP13=TIM3
Mcu.IP14=TIM16
Mcu.IP15=USART1
Mcu.IP2=DMA
Mcu.IP3=FREERTOS
Mcu.IP4=I2C1
Mcu.IP5=I2C2
Mcu.IP6=LPUART1
Mcu.IP7=NVIC
Mcu.IP8=RCC
Mcu.IP9=RNG
Mcu.IPNb=16
Mcu.Name=STM32L452RETxP
Mcu.Package=LQFP64
Mcu.Pin0=PC13
Mcu.Pin1=PC14-OSC32_IN (PC14)
Mcu.Pin10=PA1
Mcu.Pin11=PA2
Mcu.Pin12=PA4
Mcu.Pin13=PA6
Mcu.Pin14=PC4
Mcu.Pin15=PB0
Mcu.Pin16=PB1
Mcu.Pin17=PB10
Mcu.Pin18=PB11
Mcu.Pin19=PB12
Mcu.Pin2=PC15-OSC32_OUT (PC15)
Mcu.Pin20=PB13
Mcu.Pin21=PB14
Mcu.Pin22=PB15
Mcu.Pin23=PC7
Mcu.Pin24=PC8
Mcu.Pin25=PC9
Mcu.Pin26=PA8
Mcu.Pin27=PA9
Mcu.Pin28=PA10
Mcu.Pin29=PA11
Mcu.Pin3=PH0-OSC_IN (PH0)
Mcu.Pin30=PA12
Mcu.Pin31=PA13 (JTMS/SWDIO)
Mcu.Pin32=PA14 (JTCK/SWCLK)
Mcu.Pin33=PC10
Mcu.Pin34=PC11
Mcu.Pin35=PC12
Mcu.Pin36=PB5
Mcu.Pin37=PB6
Mcu.Pin38=PB7
Mcu.Pin39=PB8
Mcu.Pin4=PH1-OSC_OUT (PH1)
Mcu.Pin40=VP_ADC1_TempSens_Input
Mcu.Pin41=VP_ADC1_Vref_Input
Mcu.Pin42=VP_ADC1_Vbat_Input
Mcu.Pin43=VP_CRC_VS_CRC
Mcu.Pin44=VP_FREERTOS_VS_CMSIS_V1
Mcu.Pin45=VP_RNG_VS_RNG
Mcu.Pin46=VP_RTC_VS_RTC_Activate
Mcu.Pin47=VP_RTC_VS_RTC_WakeUp_intern
Mcu.Pin48=VP_SYS_V_PVD_IN
Mcu.Pin49=VP_SYS_VS_tim2
Mcu.Pin5=PC0
Mcu.Pin50=VP_TIM3_VS_ClockSourceINT
Mcu.Pin51=VP_TIM16_VS_ClockSourceINT
Mcu.Pin6=PC1
Mcu.Pin7=PC2
Mcu.Pin8=PC3
Mcu.Pin9=PA0
Mcu.PinsNb=52
Mcu.ThirdPartyNb=0
Mcu.UserConstants=
Mcu.UserName=STM32L452RETxP
MxCube.Version=5.6.0
MxDb.Version=DB.5.0.60
NVIC.ADC1_IRQn=true\:5\:0\:false\:false\:true\:true\:true\:true
NVIC.BusFault_IRQn=true\:0\:0\:false\:false\:true\:false\:false\:false
NVIC.DMA1_Channel1_IRQn=true\:5\:0\:false\:false\:true\:true\:false\:true
NVIC.DMA1_Channel4_IRQn=true\:5\:0\:false\:false\:true\:true\:false\:true
NVIC.DMA1_Channel5_IRQn=true\:5\:0\:false\:false\:true\:true\:false\:true
NVIC.DMA1_Channel6_IRQn=true\:5\:0\:false\:false\:true\:true\:true\:true
NVIC.DMA1_Channel7_IRQn=true\:5\:0\:false\:false\:true\:true\:true\:true
NVIC.DMA2_Channel1_IRQn=true\:5\:0\:false\:false\:true\:true\:true\:true
NVIC.DMA2_Channel2_IRQn=true\:5\:0\:false\:false\:true\:true\:true\:true
NVIC.DMA2_Channel6_IRQn=true\:5\:0\:false\:false\:true\:true\:true\:true
NVIC.DMA2_Channel7_IRQn=true\:5\:0\:false\:false\:true\:true\:true\:true
NVIC.DebugMonitor_IRQn=true\:0\:0\:false\:false\:true\:false\:false\:false
NVIC.EXTI2_IRQn=true\:5\:0\:false\:false\:true\:true\:true\:true
NVIC.EXTI3_IRQn=true\:5\:0\:false\:false\:true\:true\:true\:true
NVIC.EXTI9_5_IRQn=true\:5\:0\:false\:false\:true\:true\:true\:true
NVIC.ForceEnableDMAVector=true
NVIC.HardFault_IRQn=true\:0\:0\:false\:false\:true\:false\:false\:false
NVIC.I2C1_ER_IRQn=true\:5\:0\:false\:false\:true\:true\:true\:true
NVIC.I2C1_EV_IRQn=true\:5\:0\:false\:false\:true\:true\:true\:true
NVIC.I2C2_ER_IRQn=true\:5\:0\:false\:false\:true\:true\:true\:true
NVIC.I2C2_EV_IRQn=true\:5\:0\:false\:false\:true\:true\:true\:true
NVIC.LPUART1_IRQn=true\:5\:0\:false\:false\:true\:true\:true\:true
NVIC.MemoryManagement_IRQn=true\:0\:0\:false\:false\:true\:false\:false\:false
NVIC.NonMaskableInt_IRQn=true\:0\:0\:false\:false\:true\:false\:false\:false
NVIC.PendSV_IRQn=true\:15\:0\:false\:false\:false\:true\:true\:false
NVIC.PriorityGroup=NVIC_PRIORITYGROUP_4
NVIC.RTC_WKUP_IRQn=true\:5\:0\:false\:false\:true\:true\:true\:true
NVIC.SPI3_IRQn=true\:5\:0\:false\:false\:true\:true\:true\:true
NVIC.SVCall_IRQn=true\:0\:0\:false\:false\:false\:false\:false\:false
NVIC.SysTick_IRQn=true\:15\:0\:false\:false\:false\:true\:true\:true
NVIC.TIM2_IRQn=true\:0\:0\:false\:false\:true\:false\:false\:true
NVIC.TimeBase=TIM2_IRQn
NVIC.TimeBaseIP=TIM2
NVIC.USART1_IRQn=true\:5\:0\:false\:false\:true\:true\:true\:true
NVIC.UsageFault_IRQn=true\:0\:0\:false\:false\:true\:false\:false\:false
PA0.GPIOParameters=GPIO_Label
PA0.GPIO_Label=REED_WKUP
PA0.Locked=true
PA0.Mode=SYS_WakeUp0
PA0.Signal=SYS_WKUP1
PA1.GPIOParameters=GPIO_Label
PA1.GPIO_Label=ADC1_IN6_PEXP
PA1.Locked=true
PA1.Signal=ADCx_IN6
PA10.GPIOParameters=GPIO_Speed,GPIO_PuPdOD
PA10.GPIO_PuPdOD=GPIO_NOPULL
PA10.GPIO_Speed=GPIO_SPEED_FREQ_HIGH
PA10.Locked=true
PA10.Mode=I2C
PA10.Signal=I2C1_SDA
PA11.GPIOParameters=GPIO_Speed,GPIO_PuPd,GPIO_Label
PA11.GPIO_Label=USART1_ESP_CTS
PA11.GPIO_PuPd=GPIO_PULLUP
PA11.GPIO_Speed=GPIO_SPEED_FREQ_MEDIUM
PA11.Locked=true
PA11.Signal=USART1_CTS
PA12.GPIOParameters=GPIO_Speed,GPIO_PuPd,GPIO_Label
PA12.GPIO_Label=USART1_ESP_RTS
PA12.GPIO_PuPd=GPIO_PULLUP
PA12.GPIO_Speed=GPIO_SPEED_FREQ_MEDIUM
PA12.Locked=true
PA12.Signal=USART1_RTS
PA13\ (JTMS/SWDIO).Locked=true
PA13\ (JTMS/SWDIO).Mode=Serial_Wire
PA13\ (JTMS/SWDIO).Signal=SYS_JTMS-SWDIO
PA14\ (JTCK/SWCLK).Locked=true
PA14\ (JTCK/SWCLK).Mode=Serial_Wire
PA14\ (JTCK/SWCLK).Signal=SYS_JTCK-SWCLK
PA2.Locked=true
PA2.Mode=Clock-out-LSCO
PA2.Signal=RCC_LSCO
PA4.GPIOParameters=GPIO_Label
PA4.GPIO_Label=ADC1_IN9_BAT
PA4.Locked=true
PA4.Signal=ADCx_IN9
PA6.GPIOParameters=GPIO_Label
PA6.GPIO_Label=TIM3_CH1_CAPT_PEXP
PA6.Locked=true
PA6.Signal=S_TIM3_CH1
PA8.GPIOParameters=GPIO_PuPd,GPIO_Label
PA8.GPIO_Label=GPIO_SW_I2C1_EN
PA8.GPIO_PuPd=GPIO_NOPULL
PA8.Locked=true
PA8.Signal=GPIO_Output
PA9.GPIOParameters=GPIO_Speed,GPIO_PuPdOD
PA9.GPIO_PuPdOD=GPIO_NOPULL
PA9.GPIO_Speed=GPIO_SPEED_FREQ_HIGH
PA9.Locked=true
PA9.Mode=I2C
PA9.Signal=I2C1_SCL
PB0.GPIOParameters=GPIO_PuPd,GPIO_Label
PB0.GPIO_Label=GPIO_SW_VOLTAGE_EN
PB0.GPIO_PuPd=GPIO_NOPULL
PB0.Locked=true
PB0.Signal=GPIO_Output
PB1.GPIOParameters=GPIO_Speed,GPIO_PuPd,GPIO_Label
PB1.GPIO_Label=LPUART1_SIM_RTS
PB1.GPIO_PuPd=GPIO_PULLUP
PB1.GPIO_Speed=GPIO_SPEED_FREQ_MEDIUM
PB1.Locked=true
PB1.Signal=LPUART1_RTS
PB10.GPIOParameters=GPIO_Speed,GPIO_PuPdOD
PB10.GPIO_PuPdOD=GPIO_PULLUP
PB10.GPIO_Speed=GPIO_SPEED_FREQ_HIGH
PB10.Locked=true
PB10.Mode=I2C
PB10.Signal=I2C2_SCL
PB11.GPIOParameters=GPIO_Speed,GPIO_PuPdOD
PB11.GPIO_PuPdOD=GPIO_PULLUP
PB11.GPIO_Speed=GPIO_SPEED_FREQ_HIGH
PB11.Locked=true
PB11.Mode=I2C
PB11.Signal=I2C2_SDA
PB12.GPIOParameters=GPIO_PuPd,GPIO_Label
PB12.GPIO_Label=GPIO_SW_USART1_EN
PB12.GPIO_PuPd=GPIO_NOPULL
PB12.Locked=true
PB12.Signal=GPIO_Output
PB13.GPIOParameters=GPIO_Speed,GPIO_PuPd,GPIO_Label
PB13.GPIO_Label=LPUART1_SIM_CTS
PB13.GPIO_PuPd=GPIO_PULLUP
PB13.GPIO_Speed=GPIO_SPEED_FREQ_MEDIUM
PB13.Locked=true
PB13.Signal=LPUART1_CTS
PB14.GPIOParameters=GPIO_PuPd,GPIO_Label
PB14.GPIO_Label=GPIO_SMPS_VDD12_EN
PB14.GPIO_PuPd=GPIO_NOPULL
PB14.Locked=true
PB14.Signal=GPIO_Output
PB15.GPIOParameters=GPIO_PuPd,GPIO_Label
PB15.GPIO_Label=GPIO_SW_VDD12_EN
PB15.GPIO_PuPd=GPIO_NOPULL
PB15.Locked=true
PB15.Signal=GPIO_Output
PB5.GPIOParameters=GPIO_PuPd,GPIO_Label
PB5.GPIO_Label=GPIO_SW_SPI3_EN
PB5.GPIO_PuPd=GPIO_NOPULL
PB5.Locked=true
PB5.Signal=GPIO_Output
PB6.GPIOParameters=GPIO_Speed,GPIO_Label
PB6.GPIO_Label=USART1_ESP_TX
PB6.GPIO_Speed=GPIO_SPEED_FREQ_MEDIUM
PB6.Locked=true
PB6.Mode=Asynchronous
PB6.Signal=USART1_TX
PB7.GPIOParameters=GPIO_Speed,GPIO_PuPd,GPIO_Label
PB7.GPIO_Label=USART1_ESP_RX
PB7.GPIO_PuPd=GPIO_PULLUP
PB7.GPIO_Speed=GPIO_SPEED_FREQ_MEDIUM
PB7.Locked=true
PB7.Mode=Asynchronous
PB7.Signal=USART1_RX
PB8.GPIOParameters=GPIO_Label
PB8.GPIO_Label=TIM16_CH1_BUZZER
PB8.Locked=true
PB8.Signal=S_TIM16_CH1
PC0.GPIOParameters=GPIO_Speed,GPIO_PuPd,GPIO_Label
PC0.GPIO_Label=LPUART1_SIM_RX
PC0.GPIO_PuPd=GPIO_PULLUP
PC0.GPIO_Speed=GPIO_SPEED_FREQ_MEDIUM
PC0.Locked=true
PC0.Mode=Asynchronous
PC0.Signal=LPUART1_RX
PC1.GPIOParameters=GPIO_Speed,GPIO_Label
PC1.GPIO_Label=LPUART1_SIM_TX
PC1.GPIO_Speed=GPIO_SPEED_FREQ_MEDIUM
PC1.Locked=true
PC1.Mode=Asynchronous
PC1.Signal=LPUART1_TX
PC10.Locked=true
PC10.Mode=Full_Duplex_Master
PC10.Signal=SPI3_SCK
PC11.GPIOParameters=GPIO_PuPd
PC11.GPIO_PuPd=GPIO_PULLDOWN
PC11.Locked=true
PC11.Mode=Full_Duplex_Master
PC11.Signal=SPI3_MISO
PC12.Locked=true
PC12.Mode=Full_Duplex_Master
PC12.Signal=SPI3_MOSI
PC13.GPIOParameters=GPIO_Label
PC13.GPIO_Label=BOARD_WKUP
PC13.Locked=true
PC13.Mode=SYS_WakeUp1
PC13.Signal=SYS_WKUP2
PC14-OSC32_IN\ (PC14).Locked=true
PC14-OSC32_IN\ (PC14).Mode=LSE-External-Oscillator
PC14-OSC32_IN\ (PC14).Signal=RCC_OSC32_IN
PC15-OSC32_OUT\ (PC15).Locked=true
PC15-OSC32_OUT\ (PC15).Mode=LSE-External-Oscillator
PC15-OSC32_OUT\ (PC15).Signal=RCC_OSC32_OUT
PC2.GPIOParameters=GPIO_PuPd,GPIO_Label
PC2.GPIO_Label=GPIO_EXTI2_EXPCON
PC2.GPIO_PuPd=GPIO_PULLDOWN
PC2.Locked=true
PC2.Signal=GPXTI2
PC3.GPIOParameters=GPIO_PuPd,GPIO_Label
PC3.GPIO_Label=GPIO_EXTI3_EXPCON
PC3.GPIO_PuPd=GPIO_PULLDOWN
PC3.Locked=true
PC3.Signal=GPXTI3
PC4.GPIOParameters=GPIO_PuPd,GPIO_Label
PC4.GPIO_Label=GPIO_SW_BRIDGE_EN
PC4.GPIO_PuPd=GPIO_NOPULL
PC4.Locked=true
PC4.Signal=GPIO_Output
PC7.GPIOParameters=GPIO_PuPd,GPIO_Label,GPIO_ModeDefaultEXTI
PC7.GPIO_Label=EXTI7_I2C1_PEXPB
PC7.GPIO_ModeDefaultEXTI=GPIO_MODE_IT_FALLING
PC7.GPIO_PuPd=GPIO_PULLUP
PC7.Locked=true
PC7.Signal=GPXTI7
PC8.GPIOParameters=GPIO_PuPd,GPIO_Label,GPIO_ModeDefaultEXTI
PC8.GPIO_Label=EXTI8_I2C1_PEXPA
PC8.GPIO_ModeDefaultEXTI=GPIO_MODE_IT_FALLING
PC8.GPIO_PuPd=GPIO_PULLUP
PC8.Locked=true
PC8.Signal=GPXTI8
PC9.GPIOParameters=GPIO_PuPd,GPIO_Label
PC9.GPIO_Label=EXTI9_I2C1_ADC_DRDY
PC9.GPIO_PuPd=GPIO_PULLDOWN
PC9.Locked=true
PC9.Signal=GPXTI9
PCC.Checker=true
PCC.Line=STM32L4x2
PCC.MCU=STM32L452RETxP
PCC.PartNumber=STM32L452RETxP
PCC.Seq0=4
PCC.Seq0.Step0.Average_Current=2.02 mA
PCC.Seq0.Step0.CPU_Frequency=16 MHz
PCC.Seq0.Step0.Category=In DS Table
PCC.Seq0.Step0.DMIPS=20.0
PCC.Seq0.Step0.Duration=5 s
PCC.Seq0.Step0.Frequency=16 MHz
PCC.Seq0.Step0.Memory=FLASH
PCC.Seq0.Step0.Mode=RUN
PCC.Seq0.Step0.Oscillator=HSE BYP ART
PCC.Seq0.Step0.Peripherals=ADC1\:fs_10_ksps AHB_APB1_Bridge AHB_APB2_Bridge CRC DMA1 DMA2 GPIOA GPIOB GPIOC GPIOH I2C1 LPUART1 RNG RTC SPI3 SYS-VREFBUF/COMP1\:COMP_High_Speed-Square_VREFBUF_OFF TIM16 USART1
PCC.Seq0.Step0.Smps=Not Used
PCC.Seq0.Step0.TaMax=104.72
PCC.Seq0.Step0.User's_Consumption=0 mA
PCC.Seq0.Step0.Vcore=Range2-Medium
PCC.Seq0.Step0.Vdd=3.0
PCC.Seq0.Step0.Voltage_Source=Battery
PCC.Seq0.Step1.Average_Current=2.8 \u00B5A
PCC.Seq0.Step1.CPU_Frequency=0 Hz
PCC.Seq0.Step1.Category=In DS Table
PCC.Seq0.Step1.DMIPS=0.0
PCC.Seq0.Step1.Duration=1 ms
PCC.Seq0.Step1.Frequency=32.768 kHz
PCC.Seq0.Step1.Memory=n/a
PCC.Seq0.Step1.Mode=STOP2
PCC.Seq0.Step1.Oscillator=LSE BYP RTC
PCC.Seq0.Step1.Peripherals=RTC*
PCC.Seq0.Step1.Smps=Not Used
PCC.Seq0.Step1.TaMax=105
PCC.Seq0.Step1.User's_Consumption=0 mA
PCC.Seq0.Step1.Vcore=NoRange
PCC.Seq0.Step1.Vdd=3.0
PCC.Seq0.Step1.Voltage_Source=Battery
PCC.Seq0.Step2.Average_Current=625 nA
PCC.Seq0.Step2.CPU_Frequency=0 Hz
PCC.Seq0.Step2.Category=In DS Table
PCC.Seq0.Step2.DMIPS=0.0
PCC.Seq0.Step2.Duration=595 s
PCC.Seq0.Step2.Frequency=32.768 kHz
PCC.Seq0.Step2.Memory=n/a
PCC.Seq0.Step2.Mode=STANDBY
PCC.Seq0.Step2.Oscillator=LSE BYP RTC
PCC.Seq0.Step2.Peripherals=BOR* RTC*
PCC.Seq0.Step2.Smps=Not Used
PCC.Seq0.Step2.TaMax=105
PCC.Seq0.Step2.User's_Consumption=0 mA
PCC.Seq0.Step2.Vcore=NoRange
PCC.Seq0.Step2.Vdd=3.0
PCC.Seq0.Step2.Voltage_Source=Battery
PCC.Seq0.Step3.Average_Current=255 nA
PCC.Seq0.Step3.CPU_Frequency=0 Hz
PCC.Seq0.Step3.Category=In DS Table
PCC.Seq0.Step3.DMIPS=0.0
PCC.Seq0.Step3.Duration=1 ms
PCC.Seq0.Step3.Frequency=32.768 kHz
PCC.Seq0.Step3.Memory=n/a
PCC.Seq0.Step3.Mode=SHUTDOWN
PCC.Seq0.Step3.Oscillator=LSE BYP RTC
PCC.Seq0.Step3.Peripherals=RTC*
PCC.Seq0.Step3.Smps=Not Used
PCC.Seq0.Step3.TaMax=105
PCC.Seq0.Step3.User's_Consumption=0 mA
PCC.Seq0.Step3.Vcore=NoRange
PCC.Seq0.Step3.Vdd=3.0
PCC.Seq0.Step3.Voltage_Source=Battery
PCC.Series=STM32L4
PCC.Temperature=25
PCC.Vdd=3.0
PH0-OSC_IN\ (PH0).GPIOParameters=GPIO_PuPd,GPIO_Label
PH0-OSC_IN\ (PH0).GPIO_Label=GPIO_MUXG0_EN
PH0-OSC_IN\ (PH0).GPIO_PuPd=GPIO_NOPULL
PH0-OSC_IN\ (PH0).Locked=true
PH0-OSC_IN\ (PH0).Signal=GPIO_Output
PH1-OSC_OUT\ (PH1).GPIOParameters=GPIO_PuPd,GPIO_Label
PH1-OSC_OUT\ (PH1).GPIO_Label=GPIO_MUXG1_EN
PH1-OSC_OUT\ (PH1).GPIO_PuPd=GPIO_NOPULL
PH1-OSC_OUT\ (PH1).Locked=true
PH1-OSC_OUT\ (PH1).Signal=GPIO_Output
PinOutPanel.RotationAngle=0
ProjectManager.AskForMigrate=true
ProjectManager.BackupPrevious=false
ProjectManager.CompilerOptimize=6
ProjectManager.ComputerToolchain=false
ProjectManager.CoupleFile=true
ProjectManager.CustomerFirmwarePackage=
ProjectManager.DefaultFWLocation=true
ProjectManager.DeletePrevious=true
ProjectManager.DeviceId=STM32L452RETxP
ProjectManager.FirmwarePackage=STM32Cube FW_L4 V1.15.1
ProjectManager.FreePins=true
ProjectManager.HalAssertFull=true
ProjectManager.HeapSize=0x200
ProjectManager.KeepUserCode=true
ProjectManager.LastFirmware=true
ProjectManager.LibraryCopy=1
ProjectManager.MainLocation=Src
ProjectManager.NoMain=false
ProjectManager.PreviousToolchain=TrueSTUDIO
ProjectManager.ProjectBuild=false
ProjectManager.ProjectFileName=LoRaWAN_ADC-bridges.ioc
ProjectManager.ProjectName=LoRaWAN_ADC-bridges
ProjectManager.StackSize=0x400
ProjectManager.TargetToolchain=TrueSTUDIO
ProjectManager.ToolChainLocation=
ProjectManager.UnderRoot=true
ProjectManager.functionlistsort=1-MX_GPIO_Init-GPIO-false-HAL-true,2-MX_DMA_Init-DMA-false-HAL-true,3-SystemClock_Config-RCC-false-HAL-false,4-MX_ADC1_Init-ADC1-false-HAL-true,5-MX_I2C1_Init-I2C1-false-HAL-true,6-MX_I2C2_Init-I2C2-false-HAL-true,7-MX_LPUART1_UART_Init-LPUART1-false-HAL-true,8-MX_USART1_UART_Init-USART1-false-HAL-true,9-MX_RTC_Init-RTC-false-HAL-true,10-MX_SPI3_Init-SPI3-false-HAL-true,11-MX_TIM3_Init-TIM3-false-HAL-true,12-MX_TIM16_Init-TIM16-false-HAL-true,13-MX_CRC_Init-CRC-false-HAL-true,14-MX_RNG_Init-RNG-false-HAL-true
RCC.ADCCLockSelection=RCC_ADCCLKSOURCE_SYSCLK
RCC.ADCFreq_Value=16000000
RCC.AHBFreq_Value=16000000
RCC.APB1Freq_Value=16000000
RCC.APB1TimFreq_Value=16000000
RCC.APB2Freq_Value=16000000
RCC.APB2TimFreq_Value=16000000
RCC.CK48CLockSelection=RCC_USBCLKSOURCE_MSI
RCC.CortexFreq_Value=16000000
RCC.DFSDMFreq_Value=16000000
RCC.FCLKCortexFreq_Value=16000000
RCC.FamilyName=M
RCC.HCLKFreq_Value=16000000
RCC.HSE_VALUE=8000000
RCC.HSI48_VALUE=48000000
RCC.HSI_VALUE=16000000
RCC.I2C1Freq_Value=16000000
RCC.I2C2Freq_Value=16000000
RCC.I2C3Freq_Value=16000000
RCC.I2C4Freq_Value=16000000
RCC.IPParameters=ADCCLockSelection,ADCFreq_Value,AHBFreq_Value,APB1Freq_Value,APB1TimFreq_Value,APB2Freq_Value,APB2TimFreq_Value,CK48CLockSelection,CortexFreq_Value,DFSDMFreq_Value,FCLKCortexFreq_Value,FamilyName,HCLKFreq_Value,HSE_VALUE,HSI48_VALUE,HSI_VALUE,I2C1Freq_Value,I2C2Freq_Value,I2C3Freq_Value,I2C4Freq_Value,LPTIM1Freq_Value,LPTIM2Freq_Value,LPUART1CLockSelection,LPUART1Freq_Value,LSCOPinFreq_Value,LSCOSource1,LSE_Drive_Capability,LSI_VALUE,MCO1PinFreq_Value,MSIClockRange,MSI_VALUE,PLLPoutputFreq_Value,PLLQoutputFreq_Value,PLLRCLKFreq_Value,PLLSAI1PoutputFreq_Value,PLLSAI1QoutputFreq_Value,PLLSAI1RoutputFreq_Value,PLLSourceVirtual,PREFETCH_ENABLE,PWRFreq_Value,PWR_Regulator_Voltage_Scale,RNGFreq_Value,RTCClockSelection,RTCFreq_Value,SAI1Freq_Value,SYSCLKFreq_VALUE,UART4Freq_Value,USART1Freq_Value,USART2Freq_Value,USART3Freq_Value,USBFreq_Value,VCOInputFreq_Value,VCOOutputFreq_Value,VCOSAI1OutputFreq_Value
RCC.LPTIM1Freq_Value=16000000
RCC.LPTIM2Freq_Value=16000000
RCC.LPUART1CLockSelection=RCC_LPUART1CLKSOURCE_HSI
RCC.LPUART1Freq_Value=16000000
RCC.LSCOPinFreq_Value=32768
RCC.LSCOSource1=RCC_LSCOSOURCE_LSE
RCC.LSE_Drive_Capability=RCC_LSEDRIVE_LOW
RCC.LSI_VALUE=32000
RCC.MCO1PinFreq_Value=16000000
RCC.MSIClockRange=RCC_MSIRANGE_8
RCC.MSI_VALUE=16000000
RCC.PLLPoutputFreq_Value=18285714.285714287
RCC.PLLQoutputFreq_Value=64000000
RCC.PLLRCLKFreq_Value=64000000
RCC.PLLSAI1PoutputFreq_Value=18285714.285714287
RCC.PLLSAI1QoutputFreq_Value=64000000
RCC.PLLSAI1RoutputFreq_Value=64000000
RCC.PLLSourceVirtual=RCC_PLLSOURCE_HSI
RCC.PREFETCH_ENABLE=0
RCC.PWRFreq_Value=16000000
RCC.PWR_Regulator_Voltage_Scale=PWR_REGULATOR_VOLTAGE_SCALE2
RCC.RNGFreq_Value=16000000
RCC.RTCClockSelection=RCC_RTCCLKSOURCE_LSE
RCC.RTCFreq_Value=32768
RCC.SAI1Freq_Value=18285714.285714287
RCC.SYSCLKFreq_VALUE=16000000
RCC.UART4Freq_Value=16000000
RCC.USART1Freq_Value=16000000
RCC.USART2Freq_Value=16000000
RCC.USART3Freq_Value=16000000
RCC.USBFreq_Value=16000000
RCC.VCOInputFreq_Value=16000000
RCC.VCOOutputFreq_Value=128000000
RCC.VCOSAI1OutputFreq_Value=128000000
RTC.IPParameters=WakeUpCounter-WakeUp,WakeUpClock-WakeUp
RTC.WakeUpClock-WakeUp=RTC_WAKEUPCLOCK_CK_SPRE_16BITS
RTC.WakeUpCounter-WakeUp=299
SH.ADCx_IN6.0=ADC1_IN6,IN6-Single-Ended
SH.ADCx_IN6.ConfNb=1
SH.ADCx_IN9.0=ADC1_IN9,IN9-Single-Ended
SH.ADCx_IN9.ConfNb=1
SH.GPXTI2.0=GPIO_EXTI2
SH.GPXTI2.ConfNb=1
SH.GPXTI3.0=GPIO_EXTI3
SH.GPXTI3.ConfNb=1
SH.GPXTI7.0=GPIO_EXTI7
SH.GPXTI7.ConfNb=1
SH.GPXTI8.0=GPIO_EXTI8
SH.GPXTI8.ConfNb=1
SH.GPXTI9.0=GPIO_EXTI9
SH.GPXTI9.ConfNb=1
SH.S_TIM16_CH1.0=TIM16_CH1,PWM Generation1 CH1
SH.S_TIM16_CH1.ConfNb=1
SH.S_TIM3_CH1.0=TIM3_CH1,Input_Capture1_from_TI1
SH.S_TIM3_CH1.ConfNb=1
SPI3.BaudRatePrescaler=SPI_BAUDRATEPRESCALER_16
SPI3.CLKPhase=SPI_PHASE_1EDGE
SPI3.CalculateBaudRate=1000.0 KBits/s
SPI3.DataSize=SPI_DATASIZE_8BIT
SPI3.Direction=SPI_DIRECTION_2LINES
SPI3.IPParameters=VirtualType,Mode,Direction,CalculateBaudRate,DataSize,CLKPhase,BaudRatePrescaler
SPI3.Mode=SPI_MODE_MASTER
SPI3.VirtualType=VM_MASTER
TIM16.Channel=TIM_CHANNEL_1
TIM16.IPParameters=Channel,Pulse
TIM16.Pulse=36364
TIM3.Channel-Input_Capture1_from_TI1=TIM_CHANNEL_1
TIM3.IPParameters=Channel-Input_Capture1_from_TI1
USART1.BaudRate=74880
USART1.IPParameters=VirtualMode-Asynchronous,BaudRate
USART1.VirtualMode-Asynchronous=VM_ASYNC
VP_ADC1_TempSens_Input.Mode=IN-TempSens
VP_ADC1_TempSens_Input.Signal=ADC1_TempSens_Input
VP_ADC1_Vbat_Input.Mode=IN-Vbat
VP_ADC1_Vbat_Input.Signal=ADC1_Vbat_Input
VP_ADC1_Vref_Input.Mode=IN-Vrefint
VP_ADC1_Vref_Input.Signal=ADC1_Vref_Input
VP_CRC_VS_CRC.Mode=CRC_Activate
VP_CRC_VS_CRC.Signal=CRC_VS_CRC
VP_FREERTOS_VS_CMSIS_V1.Mode=CMSIS_V1
VP_FREERTOS_VS_CMSIS_V1.Signal=FREERTOS_VS_CMSIS_V1
VP_RNG_VS_RNG.Mode=RNG_Activate
VP_RNG_VS_RNG.Signal=RNG_VS_RNG
VP_RTC_VS_RTC_Activate.Mode=RTC_Enabled
VP_RTC_VS_RTC_Activate.Signal=RTC_VS_RTC_Activate
VP_RTC_VS_RTC_WakeUp_intern.Mode=WakeUp
VP_RTC_VS_RTC_WakeUp_intern.Signal=RTC_VS_RTC_WakeUp_intern
VP_SYS_VS_tim2.Mode=TIM2
VP_SYS_VS_tim2.Signal=SYS_VS_tim2
VP_SYS_V_PVD_IN.Mode=Mode_PVD_Int
VP_SYS_V_PVD_IN.Signal=SYS_V_PVD_IN
VP_TIM16_VS_ClockSourceINT.Mode=Enable_Timer
VP_TIM16_VS_ClockSourceINT.Signal=TIM16_VS_ClockSourceINT
VP_TIM3_VS_ClockSourceINT.Mode=Internal
VP_TIM3_VS_ClockSourceINT.Signal=TIM3_VS_ClockSourceINT
board=custom
